# This file is autogenerated, do not edit; changes may be undone by the next 'dep ensure'.


[[projects]]
  branch = "master"
  digest = "1:6da51e5ec493ad2b44cb04129e2d0a068c8fb9bd6cb5739d199573558696bb94"
  name = "github.com/Azure/go-ansiterm"
  packages = [
    ".",
    "winterm",
  ]
  pruneopts = "UT"
  revision = "d6e3b3328b783f23731bc4d058875b0371ff8109"

[[projects]]
  digest = "1:adbfc2db750d6fbe0c165ad801ba2d730883a3bc40bc8fe829516eb42ed17771"
  name = "github.com/Microsoft/go-winio"
  packages = ["."]
  pruneopts = "UT"
  revision = "a6d595ae73cf27a1b8fc32930668708f45ce1c85"
  version = "v0.4.9"

[[projects]]
  branch = "master"
  digest = "1:3721a10686511b80c052323423f0de17a8c06d417dbdd3b392b1578432a33aae"
  name = "github.com/Nvveen/Gotty"
  packages = ["."]
  pruneopts = "UT"
  revision = "cd527374f1e5bff4938207604a14f2e38a9cf512"

[[projects]]
  digest = "1:705c40022f5c03bf96ffeb6477858d88565064485a513abcd0f11a0911546cb6"
  name = "github.com/blang/semver"
  packages = ["."]
  pruneopts = "UT"
  revision = "2ee87856327ba09384cabd113bc6b5d174e9ec0f"
  version = "v3.5.1"

[[projects]]
  digest = "1:0f98f59e9a2f4070d66f0c9c39561f68fcd1dc837b22a852d28d0003aebd1b1e"
  name = "github.com/boltdb/bolt"
  packages = ["."]
  pruneopts = "UT"
  revision = "2f1ce7a837dcb8da3ec595b1dac9d0632f0f99e8"
  version = "v1.3.1"

[[projects]]
  branch = "master"
  digest = "1:30d4a548e09bca4a0c77317c58e7407e2a65c15325e944f9c08a7b7992f8a59e"
  name = "github.com/btcsuite/btclog"
  packages = ["."]
  pruneopts = "UT"
  revision = "84c8d2346e9fc8c7b947e243b9c24e6df9fd206a"

[[projects]]
  branch = "master"
  digest = "1:f5a785a2836dce1d5a46a313275fe868c332090a3709b5aa58b84e1368ae006f"
  name = "github.com/btcsuite/fastsha256"
  packages = ["."]
  pruneopts = "UT"
  revision = "637e656429416087660c84436a2a035d69d54e2e"

[[projects]]
  branch = "master"
  digest = "1:49ad1acb33bb5b40c0d197321d3cf9ee9a29eb02f4765ab7c316e08983eb7559"
  name = "github.com/btcsuite/golangcrypto"
  packages = ["ripemd160"]
  pruneopts = "UT"
  revision = "53f62d9b43e87a6c56975cf862af7edf33a8d0df"

[[projects]]
  digest = "1:b24d38b282bacf9791408a080f606370efa3d364e4b5fd9ba0f7b87786d3b679"
  name = "github.com/codegangsta/cli"
  packages = ["."]
  pruneopts = "UT"
  revision = "cfb38830724cc34fedffe9a2a29fb54fa9169cd1"
  version = "v1.20.0"

[[projects]]
  branch = "master"
  digest = "1:b260a550e12c059465212cfe9f1b0ace832aea6235d5e076e6fae0e66c882ef5"
  name = "github.com/codelingo/antlr"
  packages = ["runtime/Go/antlr"]
  pruneopts = "UT"
  revision = "afe378d7da74af180f7813c50f033de669e0e477"

[[projects]]
  branch = "master"
  digest = "1:210ca4edc7c277d3a1becbf65b30e926ef4642b02f96146cc64c0c9f8e80122a"
  name = "github.com/codelingo/clql"
  packages = [
    "dotlingo",
    "inner",
  ]
  pruneopts = "UT"
  revision = "45d204b5076b28931a0a0c3556fc22e3d7c681d4"

[[projects]]
  branch = "master"
  digest = "1:1a5ac00623e34f7f6a2293aaf55ff3f105760c513fe3f6cceef2e83e079a117b"
  name = "github.com/codelingo/lingo"
  packages = [
    "app/commands/verify",
    "app/util",
    "app/util/common",
    "app/util/common/config",
    "service",
    "service/config",
    "service/grpc",
    "vcs",
    "vcs/git",
    "vcs/p4",
  ]
  pruneopts = "UT"
  revision = "299656113649d54923cc9b6c0872248c115450dd"

[[projects]]
  branch = "master"
  digest = "1:b5ba3f29d3763f6962adefe157a136cbb2d67e19950bdb60035490b776ddbe6e"
  name = "github.com/codelingo/rpc"
  packages = [
    "flow",
    "flow/client",
    "service",
  ]
  pruneopts = "UT"
  revision = "d205101a7bc2f6f843a60f3d8de0f7e19cae2617"

[[projects]]
  branch = "master"
  digest = "1:7bbfeef88a6cc7d65a6a009ba696e980dcf84ed31a7dd6da7e0c6c2ff544df92"
  name = "github.com/common-nighthawk/go-figure"
  packages = ["."]
  pruneopts = "UT"
  revision = "18b2b544842cab16f3ff418fb5290d8f2896a069"

[[projects]]
  branch = "master"
  digest = "1:fc8dbcc2a5de7c093e167828ebbdf551641761d2ad75431d3a167d467a264115"
  name = "github.com/containerd/continuity"
  packages = ["pathdriver"]
  pruneopts = "UT"
  revision = "0377f7d767206f3a9e8881d0f02267b0d89c7a62"

[[projects]]
  digest = "1:d665be6d68a70466a6df6939d9d7dace71df3d7ecbea190e7abb9b48f8d4c37c"
  name = "github.com/docker/docker"
  packages = [
    "api/types",
    "api/types/blkiodev",
    "api/types/container",
    "api/types/filters",
    "api/types/mount",
    "api/types/network",
    "api/types/registry",
    "api/types/strslice",
    "api/types/swarm",
    "api/types/swarm/runtime",
    "api/types/versions",
    "opts",
    "pkg/archive",
    "pkg/fileutils",
    "pkg/homedir",
    "pkg/idtools",
    "pkg/ioutils",
    "pkg/jsonmessage",
    "pkg/longpath",
    "pkg/mount",
    "pkg/pools",
    "pkg/stdcopy",
    "pkg/system",
    "pkg/term",
    "pkg/term/windows",
  ]
  pruneopts = "UT"
  revision = "fe8aac6f5ae413a967adb0adad0b54abdfb825c4"

[[projects]]
  digest = "1:ade935c55cd6d0367c843b109b09c9d748b1982952031414740750fdf94747eb"
  name = "github.com/docker/go-connections"
  packages = ["nat"]
  pruneopts = "UT"
  revision = "7395e3f8aa162843a74ed6d48e79627d9792ac55"
  version = "v0.4.0"

[[projects]]
  digest = "1:6f82cacd0af5921e99bf3f46748705239b36489464f4529a1589bc895764fb18"
  name = "github.com/docker/go-units"
  packages = ["."]
  pruneopts = "UT"
  revision = "47565b4f722fb6ceae66b95f853feed578a4a51c"
  version = "v0.3.3"

[[projects]]
  digest = "1:865079840386857c809b72ce300be7580cb50d3d3129ce11bf9aa6ca2bc1934a"
  name = "github.com/fatih/color"
  packages = ["."]
  pruneopts = "UT"
  revision = "5b77d2a35fb0ede96d138fc9a99f5c9b6aef11b4"
  version = "v1.7.0"

[[projects]]
  digest = "1:abeb38ade3f32a92943e5be54f55ed6d6e3b6602761d74b4aab4c9dd45c18abd"
  name = "github.com/fsnotify/fsnotify"
  packages = ["."]
  pruneopts = "UT"
  revision = "c2828203cd70a50dcccfb2761f8b1f8ceef9a8e9"
  version = "v1.4.7"

[[projects]]
  digest = "1:430effbc90294ae7bee0576a2e1c311decf5d88d4ad3959b756906d5ada9f266"
  name = "github.com/fsouza/go-dockerclient"
  packages = ["."]
  pruneopts = "UT"
  revision = "2ff310040c161b75fa19fb9b287a90a6e03c0012"
  version = "v1.1.0"

[[projects]]
  branch = "master"
  digest = "1:36fe9527deed01d2a317617e59304eb2c4ce9f8a24115bcc5c2e37b3aee5bae4"
  name = "github.com/gin-contrib/sse"
  packages = ["."]
  pruneopts = "UT"
  revision = "22d885f9ecc78bf4ee5d72b937e4bbcdc58e8cae"

[[projects]]
  digest = "1:489e108f21464371ebf9cb5c30b1eceb07c6dd772dff073919267493dd9d04ea"
  name = "github.com/gin-gonic/gin"
  packages = [
    ".",
    "binding",
    "render",
  ]
  pruneopts = "UT"
  revision = "d459835d2b077e44f7c9b453505ee29881d5d12d"
  version = "v1.2"

[[projects]]
  branch = "master"
  digest = "1:45c26d250d23d0339258cffbcaf713eb0160896c5f1a99717662e122ec1b4377"
  name = "github.com/gogits/go-gogs-client"
  packages = ["."]
  pruneopts = "UT"
  revision = "c84e492d93458e0bb79bfa1810047841d5bb12ae"

[[projects]]
  digest = "1:bbadccf3d3317ea03c0dac0b45b673b4b397c8f91a1d2eff550a3c51c4ad770e"
  name = "github.com/gogo/protobuf"
  packages = ["proto"]
  pruneopts = "UT"
  revision = "636bf0302bc95575d69441b25a2603156ffdddf1"
  version = "v1.1.1"

[[projects]]
  digest = "1:239c4c7fd2159585454003d9be7207167970194216193a8a210b8d29576f19c9"
  name = "github.com/golang/protobuf"
  packages = [
    "proto",
    "ptypes",
    "ptypes/any",
    "ptypes/duration",
    "ptypes/timestamp",
  ]
  pruneopts = "UT"
  revision = "b5d812f8a3706043e23a9cd5babf2e5423744d30"
  version = "v1.3.1"

[[projects]]
  digest = "1:f4f203acd8b11b8747bdcd91696a01dbc95ccb9e2ca2db6abf81c3a4f5e950ce"
  name = "github.com/google/go-github"
  packages = ["github"]
  pruneopts = "UT"
  revision = "f55b50f38167644bb7e4be03d9a2bde71d435239"
  version = "v18.2.0"

[[projects]]
  digest = "1:a63cff6b5d8b95638bfe300385d93b2a6d9d687734b863da8e09dc834510a690"
  name = "github.com/google/go-querystring"
  packages = ["query"]
  pruneopts = "UT"
  revision = "44c6ddd0a2342c386950e880b658017258da92fc"
  version = "v1.0.0"

[[projects]]
  branch = "master"
  digest = "1:a361611b8c8c75a1091f00027767f7779b29cb37c456a71b8f2604c88057ab40"
  name = "github.com/hashicorp/hcl"
  packages = [
    ".",
    "hcl/ast",
    "hcl/parser",
    "hcl/printer",
    "hcl/scanner",
    "hcl/strconv",
    "hcl/token",
    "json/parser",
    "json/scanner",
    "json/token",
  ]
  pruneopts = "UT"
  revision = "ef8a98b0bbce4a65b5aa4c368430a80ddc533168"

[[projects]]
  branch = "master"
  digest = "1:c332ef8a8f0eec41f75f8f39c885f650dab0c3de426bde6b37fff6a823feab25"
  name = "github.com/hishboy/gocommons"
  packages = ["lang"]
  pruneopts = "UT"
  revision = "89887b2ade6d89e3b322e2e3c8e337ad5c6a447b"

[[projects]]
  branch = "master"
  digest = "1:f3b0cfd42716269884bf06df5d5be9e54161d5af0a2f0ccca08717928dd45fc5"
  name = "github.com/inconshreveable/go-update"
  packages = [
    ".",
    "internal/binarydist",
    "internal/osext",
  ]
  pruneopts = "UT"
  revision = "8152e7eb6ccf8679a64582a66b78519688d156ad"

[[projects]]
  digest = "1:870d441fe217b8e689d7949fef6e43efbc787e50f200cb1e70dbca9204a1d6be"
  name = "github.com/inconshreveable/mousetrap"
  packages = ["."]
  pruneopts = "UT"
  revision = "76626ae9c91c4f2a10f34cad8ce83ea42c93bb75"
  version = "v1.0"

[[projects]]
  branch = "master"
  digest = "1:ba8f64ba7ccf5eb99d78d3e519045b42c2c8d6ea55938176b54e918e791b3b0d"
  name = "github.com/juju/clock"
  packages = ["."]
  pruneopts = "UT"
  revision = "bab88fc672997ef02d03f85310182d97a93dee21"

[[projects]]
  branch = "master"
  digest = "1:53bd4347b151fcbedcdda527f7ebf4924f0e21d672131812f857175d8c7a1051"
  name = "github.com/juju/errors"
  packages = ["."]
  pruneopts = "UT"
  revision = "812b06ada1776ad4dd95d575e18ffffe3a9ac34a"

[[projects]]
  branch = "master"
  digest = "1:a330103bc9731260ee9fa14764e9e3fce46e02de19d6aca3eeba1d425badfbf0"
  name = "github.com/juju/loggo"
  packages = ["."]
  pruneopts = "UT"
  revision = "584905176618da46b895b176c721b02c476b6993"

[[projects]]
  branch = "master"
  digest = "1:cc5c45b8f92cdabb759e1f471a1bd7ae51da36ea74c1a0d1d71b9e195d85162f"
  name = "github.com/juju/testing"
  packages = ["checkers"]
  pruneopts = "UT"
  revision = "472a3e8b2073fb3cd67c12d2bc5f3cd28e5f4116"

[[projects]]
  digest = "1:ca955a9cd5b50b0f43d2cc3aeb35c951473eeca41b34eb67507f1dbcc0542394"
  name = "github.com/kr/pretty"
  packages = ["."]
  pruneopts = "UT"
  revision = "73f6ac0b30a98e433b289500d779f50c1a6f0712"
  version = "v0.1.0"

[[projects]]
  digest = "1:15b5cc79aad436d47019f814fde81a10221c740dc8ddf769221a65097fb6c2e9"
  name = "github.com/kr/text"
  packages = ["."]
  pruneopts = "UT"
  revision = "e2ffdb16a802fe2bb95e2e35ff34f0e53aeef34f"
  version = "v0.1.0"

[[projects]]
  digest = "1:8406282e292c5bf5c748c462e282a421ae2b0d6c0673a2e257244ae2a84d481c"
  name = "github.com/lightningnetwork/lnd"
  packages = [
    "channeldb",
    "elkrem",
  ]
  pruneopts = "UT"
  revision = "9537539cfc67e28ba9933c31ee01cf7f2aa6165f"
  version = "v0.0.2"

[[projects]]
  digest = "1:c568d7727aa262c32bdf8a3f7db83614f7af0ed661474b24588de635c20024c7"
  name = "github.com/magiconair/properties"
  packages = ["."]
  pruneopts = "UT"
  revision = "c2353362d570a7bfa228149c62842019201cfb71"
  version = "v1.8.0"

[[projects]]
  branch = "master"
  digest = "1:52c7f1340963185f8368882d3b1eae1e9e97de2958ad97136c2a9333633dae57"
  name = "github.com/marcinwyszynski/directory_tree"
  packages = ["."]
  pruneopts = "UT"
  revision = "a96c3845f18c5e77ac6780080701e52adc86817c"

[[projects]]
  digest = "1:c658e84ad3916da105a761660dcaeb01e63416c8ec7bc62256a9b411a05fcd67"
  name = "github.com/mattn/go-colorable"
  packages = ["."]
  pruneopts = "UT"
  revision = "167de6bfdfba052fa6b2d3664c8f5272e23c9072"
  version = "v0.0.9"

[[projects]]
  digest = "1:d4d17353dbd05cb52a2a52b7fe1771883b682806f68db442b436294926bbfafb"
  name = "github.com/mattn/go-isatty"
  packages = ["."]
  pruneopts = "UT"
  revision = "0360b2af4f38e8d38c7fce2a9f4e702702d73a39"
  version = "v0.0.3"

[[projects]]
  branch = "master"
  digest = "1:8eb17c2ec4df79193ae65b621cd1c0c4697db3bc317fe6afdc76d7f2746abd05"
  name = "github.com/mitchellh/go-homedir"
  packages = ["."]
  pruneopts = "UT"
  revision = "3864e76763d94a6df2f9960b16a20a33da9f9a66"

[[projects]]
  branch = "master"
  digest = "1:5ab79470a1d0fb19b041a624415612f8236b3c06070161a910562f2b2d064355"
  name = "github.com/mitchellh/mapstructure"
  packages = ["."]
  pruneopts = "UT"
  revision = "f15292f7a699fcc1a38a80977f80a046874ba8ac"

[[projects]]
  digest = "1:ee4d4af67d93cc7644157882329023ce9a7bcfce956a079069a9405521c7cc8d"
  name = "github.com/opencontainers/go-digest"
  packages = ["."]
  pruneopts = "UT"
  revision = "279bed98673dd5bef374d3b6e4b09e2af76183bf"
  version = "v1.0.0-rc1"

[[projects]]
  digest = "1:11db38d694c130c800d0aefb502fb02519e514dc53d9804ce51d1ad25ec27db6"
  name = "github.com/opencontainers/image-spec"
  packages = [
    "specs-go",
    "specs-go/v1",
  ]
  pruneopts = "UT"
  revision = "d60099175f88c47cd379c4738d158884749ed235"
  version = "v1.0.1"

[[projects]]
  digest = "1:1869683e323ebff2bdf8adcb560f82bf6f8d94019d35099e3403f7df12e9c07e"
  name = "github.com/opencontainers/runc"
  packages = [
    "libcontainer/system",
    "libcontainer/user",
  ]
  pruneopts = "UT"
  revision = "baf6536d6259209c3edfa2b22237af82942d3dfa"
  version = "v0.1.1"

[[projects]]
  digest = "1:95741de3af260a92cc5c7f3f3061e85273f5a81b5db20d4bd68da74bd521675e"
  name = "github.com/pelletier/go-toml"
  packages = ["."]
  pruneopts = "UT"
  revision = "c01d1270ff3e442a8a57cddc1c92dc1138598194"
  version = "v1.2.0"

[[projects]]
  digest = "1:40e195917a951a8bf867cd05de2a46aaf1806c50cf92eebf4c16f78cd196f747"
  name = "github.com/pkg/errors"
  packages = ["."]
  pruneopts = "UT"
  revision = "645ef00459ed84a119197bfb8d8205042c6df63d"
  version = "v0.8.0"

[[projects]]
  digest = "1:0028cb19b2e4c3112225cd871870f2d9cf49b9b4276531f03438a88e94be86fe"
  name = "github.com/pmezard/go-difflib"
  packages = ["difflib"]
  pruneopts = "UT"
  revision = "792786c7400a136282c1664665ae0a8db921c6c2"
  version = "v1.0.0"

[[projects]]
  branch = "master"
  digest = "1:16e6fde687529deaefbeff14841b694cb6d67dfc31884bac6214313e96e107bc"
  name = "github.com/rhysd/go-github-selfupdate"
  packages = ["selfupdate"]
  pruneopts = "UT"
  revision = "6329a43531c520b7044ee4a595f09f0e3ed9f7ce"

[[projects]]
  branch = "master"
  digest = "1:0597105be82a6bf3ddab07ab19402142f60b7329844712fc22ed21946864cb2f"
  name = "github.com/roasbeef/btcd"
  packages = [
    "btcec",
    "chaincfg",
    "chaincfg/chainhash",
    "wire",
  ]
  pruneopts = "UT"
  revision = "a03db407e40d3b66ea29984263bbc8bf4d2f04c4"

[[projects]]
  branch = "master"
  digest = "1:a3780cd4884824a3a274c6c7f967c097cfebb0b8af9eddf1441e9f5d3f30e468"
  name = "github.com/roasbeef/btcutil"
  packages = [
    ".",
    "base58",
    "bech32",
  ]
  pruneopts = "UT"
  revision = "dfb640c57141f1c2113b92b4b16d2a89c30dd258"

[[projects]]
  digest = "1:b36a0ede02c4c2aef7df7f91cbbb7bb88a98b5d253509d4f997dda526e50c88c"
  name = "github.com/russross/blackfriday"
  packages = ["."]
  pruneopts = "UT"
  revision = "05f3235734ad95d0016f6a23902f06461fcf567a"
  version = "v1.5.2"

[[projects]]
  branch = "master"
  digest = "1:8baa3b16f20963c54e296627ea1dabfd79d1b486f81baf8759e99d73bddf2687"
  name = "github.com/samfoo/ansi"
  packages = ["."]
  pruneopts = "UT"
  revision = "b6bd2ded7189ce35bc02233b554eb56a5146af73"

[[projects]]
  digest = "1:d867dfa6751c8d7a435821ad3b736310c2ed68945d05b50fb9d23aee0540c8cc"
  name = "github.com/sirupsen/logrus"
  packages = ["."]
  pruneopts = "UT"
  revision = "3e01752db0189b9157070a0e1668a620f9a85da2"
  version = "v1.0.6"

[[projects]]
  digest = "1:bd1ae00087d17c5a748660b8e89e1043e1e5479d0fea743352cda2f8dd8c4f84"
  name = "github.com/spf13/afero"
  packages = [
    ".",
    "mem",
  ]
  pruneopts = "UT"
  revision = "787d034dfe70e44075ccc060d346146ef53270ad"
  version = "v1.1.1"

[[projects]]
  digest = "1:516e71bed754268937f57d4ecb190e01958452336fa73dbac880894164e91c1f"
  name = "github.com/spf13/cast"
  packages = ["."]
  pruneopts = "UT"
  revision = "8965335b8c7107321228e3e3702cab9832751bac"
  version = "v1.2.0"

[[projects]]
  digest = "1:645cabccbb4fa8aab25a956cbcbdf6a6845ca736b2c64e197ca7cbb9d210b939"
  name = "github.com/spf13/cobra"
  packages = ["."]
  pruneopts = "UT"
  revision = "ef82de70bb3f60c65fb8eebacbb2d122ef517385"
  version = "v0.0.3"

[[projects]]
  branch = "master"
  digest = "1:080e5f630945ad754f4b920e60b4d3095ba0237ebf88dc462eb28002932e3805"
  name = "github.com/spf13/jwalterweatherman"
  packages = ["."]
  pruneopts = "UT"
  revision = "7c0cea34c8ece3fbeb2b27ab9b59511d360fb394"

[[projects]]
  digest = "1:9424f440bba8f7508b69414634aef3b2b3a877e522d8a4624692412805407bb7"
  name = "github.com/spf13/pflag"
  packages = ["."]
  pruneopts = "UT"
  revision = "583c0c0531f06d5278b7d917446061adc344b5cd"
  version = "v1.0.1"

[[projects]]
  digest = "1:59e7dceb53b4a1e57eb1eb0bf9951ff0c25912df7660004a789b62b4e8cdca3b"
  name = "github.com/spf13/viper"
  packages = ["."]
  pruneopts = "UT"
  revision = "b5e8006cbee93ec955a89ab31e0e3ce3204f3736"
  version = "v1.0.2"

[[projects]]
  digest = "1:ebabd8967efa341b15e51b329eb5b7ebc69b573fb4adb4ac2433fa532edcadbc"
  name = "github.com/tcnksm/go-gitconfig"
  packages = ["."]
  pruneopts = "UT"
  revision = "d154598bacbf4501c095a309753c5d4af66caa81"
  version = "v0.1.2"

[[projects]]
  digest = "1:03aa6e485e528acb119fb32901cf99582c380225fc7d5a02758e08b180cb56c3"
  name = "github.com/ugorji/go"
  packages = ["codec"]
  pruneopts = "UT"
  revision = "b4c50a2b199d93b13dc15e78929cfb23bfdf21ab"
  version = "v1.1.1"

[[projects]]
  digest = "1:4aeb3860275fa1fd60cccfb5a6ef85da438bf17402e1e84412ade4d4b55066a0"
  name = "github.com/ulikunitz/xz"
  packages = [
    ".",
    "internal/hash",
    "internal/xlog",
    "lzma",
  ]
  pruneopts = "UT"
  revision = "0c6b41e72360850ca4f98dc341fd999726ea007f"
  version = "v0.5.4"

[[projects]]
  digest = "1:b24d38b282bacf9791408a080f606370efa3d364e4b5fd9ba0f7b87786d3b679"
  name = "github.com/urfave/cli"
  packages = ["."]
  pruneopts = "UT"
  revision = "cfb38830724cc34fedffe9a2a29fb54fa9169cd1"
  version = "v1.20.0"

[[projects]]
  digest = "1:3c1a69cdae3501bf75e76d0d86dc6f2b0a7421bc205c0cb7b96b19eed464a34d"
  name = "go.uber.org/atomic"
  packages = ["."]
  pruneopts = "UT"
  revision = "1ea20fb1cbb1cc08cbd0d913a96dead89aa18289"
  version = "v1.3.2"

[[projects]]
  digest = "1:60bf2a5e347af463c42ed31a493d817f8a72f102543060ed992754e689805d1a"
  name = "go.uber.org/multierr"
  packages = ["."]
  pruneopts = "UT"
  revision = "3c4937480c32f4c13a875a1829af76c98ca3d40a"
  version = "v1.1.0"

[[projects]]
  digest = "1:53abd1494b5c246021b5b8dc3a13001c8ca1172eb88517c51b96d0f51ec81dcf"
  name = "go.uber.org/zap"
  packages = [
    ".",
    "buffer",
    "internal/bufferpool",
    "internal/color",
    "internal/exit",
    "zapcore",
  ]
  pruneopts = "UT"
  revision = "9d9d6135afe89b6fc4a05e9a8552526caba38048"
  version = "v1.5.0"

[[projects]]
  branch = "master"
  digest = "1:9c2ed66f474408b23cdc4a845f0236897f7b826bf1c4b19eab6e90df998905cb"
  name = "golang.org/x/crypto"
  packages = [
    "ripemd160",
    "ssh/terminal",
  ]
  pruneopts = "UT"
  revision = "c126467f60eb25f8f27e5a981f32a87e3965053f"

[[projects]]
  branch = "master"
  digest = "1:3678c5905f4223908ae7f0e09d7be17393a38ace3daaa5ece320e55b9b42314a"
  name = "golang.org/x/net"
  packages = [
    "context",
    "context/ctxhttp",
    "http/httpguts",
    "http2",
    "http2/hpack",
    "idna",
    "internal/timeseries",
    "trace",
  ]
  pruneopts = "UT"
  revision = "c4299a1a0d8524c11563db160fbf9bddbceadb21"

[[projects]]
  branch = "master"
  digest = "1:28b360454e161aae382c007449bcb1296087b5b52b4f37623bba0f9f9d7207f4"
  name = "golang.org/x/oauth2"
  packages = [
    ".",
    "internal",
  ]
  pruneopts = "UT"
  revision = "c57b0facaced709681d9f90397429b9430a74754"

[[projects]]
  branch = "master"
  digest = "1:8742e6e73627b2877c3f723bc1823d5667ec59011242480309dc90fa862512aa"
  name = "golang.org/x/sys"
  packages = [
    "unix",
    "windows",
  ]
  pruneopts = "UT"
  revision = "bd9dbc187b6e1dacfdd2722a87e83093c2d7bd6e"

[[projects]]
  digest = "1:a2ab62866c75542dd18d2b069fec854577a20211d7c0ea6ae746072a1dccdd18"
  name = "golang.org/x/text"
  packages = [
    "collate",
    "collate/build",
    "internal/colltab",
    "internal/gen",
    "internal/tag",
    "internal/triegen",
    "internal/ucd",
    "language",
    "secure/bidirule",
    "transform",
    "unicode/bidi",
    "unicode/cldr",
    "unicode/norm",
    "unicode/rangetable",
  ]
  pruneopts = "UT"
  revision = "f21a4dfb5e38f5895301dc265a8def02365cc3d0"
  version = "v0.3.0"

[[projects]]
  digest = "1:6247f76e55a1e1a5c19a81e2d4b4dff6730461eeb5bbb0a16dd4a8ec8637ee93"
  name = "google.golang.org/appengine"
  packages = [
    "internal",
    "internal/base",
    "internal/datastore",
    "internal/log",
    "internal/remote_api",
    "internal/urlfetch",
    "urlfetch",
  ]
  pruneopts = "UT"
  revision = "ae0ab99deb4dc413a2b4bd6c8bdd0eb67f1e4d06"
  version = "v1.2.0"

[[projects]]
  branch = "master"
  digest = "1:077c1c599507b3b3e9156d17d36e1e61928ee9b53a5b420f10f28ebd4a0b275c"
  name = "google.golang.org/genproto"
  packages = ["googleapis/rpc/status"]
  pruneopts = "UT"
  revision = "2a72893556e4d1f6c795a4c039314c9fa751eedb"

[[projects]]
  digest = "1:c00eb80d7b152379c3e94c38d82b29deca98b1d0f53e4e20362589b7fcbffa07"
  name = "google.golang.org/grpc"
  packages = [
    ".",
    "balancer",
    "balancer/base",
    "balancer/roundrobin",
    "binarylog/grpc_binarylog_v1",
    "codes",
    "connectivity",
    "credentials",
    "credentials/internal",
    "encoding",
    "encoding/proto",
    "grpclog",
    "internal",
    "internal/backoff",
    "internal/binarylog",
    "internal/channelz",
    "internal/envconfig",
    "internal/grpcrand",
    "internal/grpcsync",
    "internal/syscall",
    "internal/transport",
    "keepalive",
    "metadata",
    "naming",
    "peer",
    "resolver",
    "resolver/dns",
    "resolver/passthrough",
    "stats",
    "status",
    "tap",
  ]
  pruneopts = "UT"
  revision = "3507fb8e1a5ad030303c106fef3a47c9fdad16ad"
  version = "v1.19.1"

[[projects]]
  branch = "v1"
  digest = "1:af715ae33cc1f5695c4b2a4e4b21d008add8802a99e15bb467ac7c32edb5000d"
  name = "gopkg.in/check.v1"
  packages = ["."]
  pruneopts = "UT"
  revision = "788fd78401277ebd861206a03c884797c6ec5541"

[[projects]]
  digest = "1:865079840386857c809b72ce300be7580cb50d3d3129ce11bf9aa6ca2bc1934a"
  name = "gopkg.in/fatih/color.v1"
  packages = ["."]
  pruneopts = "UT"
  revision = "5b77d2a35fb0ede96d138fc9a99f5c9b6aef11b4"
  version = "v1.7.0"

[[projects]]
  digest = "1:cbc72c4c4886a918d6ab4b95e347ffe259846260f99ebdd8a198c2331cf2b2e9"
  name = "gopkg.in/go-playground/validator.v8"
  packages = ["."]
  pruneopts = "UT"
  revision = "5f1438d3fca68893a817e4a66806cea46a9e4ebf"
  version = "v8.18.2"

[[projects]]
  branch = "v1"
  digest = "1:ed175b7c1c9fbb1a3a0f9985096fecf0d3e5234a05a3cf870a84680d7714fae5"
  name = "gopkg.in/juju/worker.v1"
  packages = ["."]
  pruneopts = "UT"
  revision = "e63ca51523be524b34f05ffa0c62eed10e231f8f"

[[projects]]
  branch = "v2"
  digest = "1:2642fd0b6900c77247d61d80cf2eb59a374ef4ffc2d25a1b95b87dc355b2894e"
  name = "gopkg.in/mgo.v2"
  packages = [
    "bson",
    "internal/json",
  ]
  pruneopts = "UT"
  revision = "9856a29383ce1c59f308dd1cf0363a79b5bef6b5"

[[projects]]
  branch = "v1"
  digest = "1:0caa92e17bc0b65a98c63e5bc76a9e844cd5e56493f8fdbb28fad101a16254d9"
  name = "gopkg.in/tomb.v1"
  packages = ["."]
  pruneopts = "UT"
  revision = "dd632973f1e7218eb1089048e0798ec9ae7dceb8"

[[projects]]
  branch = "v2"
  digest = "1:5bb148b78468350091db2ffbb2370f35cc6dcd74d9378a31b1c7b86ff7528f08"
  name = "gopkg.in/tomb.v2"
  packages = ["."]
  pruneopts = "UT"
  revision = "d5d1b5820637886def9eef33e03a27a9f166942c"

[[projects]]
  branch = "v1"
  digest = "1:4384086c0f7f9e662c2ae8e900af35dc75ff262205b362597bb65af2fd8a21c9"
  name = "gopkg.in/yaml.v1"
  packages = ["."]
  pruneopts = "UT"
  revision = "9f9df34309c04878acc86042b16630b0f696e1de"

[[projects]]
  digest = "1:342378ac4dcb378a5448dd723f0784ae519383532f5e70ade24132c4c8693202"
  name = "gopkg.in/yaml.v2"
  packages = ["."]
  pruneopts = "UT"
  revision = "5420a8b6744d3b0345ab293f6fcba19c978f1183"
  version = "v2.2.1"

[solve-meta]
  analyzer-name = "dep"
  analyzer-version = 1
  input-imports = [
    "github.com/codelingo/clql/dotlingo",
    "github.com/codelingo/lingo/app/commands/verify",
    "github.com/codelingo/lingo/app/util",
    "github.com/codelingo/lingo/app/util/common/config",
    "github.com/codelingo/lingo/service",
    "github.com/codelingo/lingo/service/grpc",
    "github.com/codelingo/lingo/vcs",
    "github.com/codelingo/rpc/flow",
    "github.com/codelingo/rpc/flow/client",
    "github.com/common-nighthawk/go-figure",
    "github.com/fatih/color",
    "github.com/gin-gonic/gin",
    "github.com/golang/protobuf/proto",
    "github.com/golang/protobuf/ptypes",
    "github.com/juju/errors",
    "github.com/juju/testing/checkers",
    "github.com/lightningnetwork/lnd/channeldb",
    "github.com/marcinwyszynski/directory_tree",
    "github.com/mitchellh/go-homedir",
    "github.com/pkg/errors",
    "github.com/russross/blackfriday",
    "github.com/samfoo/ansi",
    "github.com/spf13/cobra",
    "github.com/spf13/pflag",
    "github.com/spf13/viper",
    "github.com/urfave/cli",
    "golang.org/x/net/context",
    "google.golang.org/grpc",
    "gopkg.in/check.v1",
    "gopkg.in/juju/worker.v1",
    "gopkg.in/tomb.v1",
    "gopkg.in/yaml.v2",
  ]
  solver-name = "gps-cdcl"
  solver-version = 1
