# This file is autogenerated, do not edit; changes may be undone by the next 'dep ensure'.


[[projects]]
  branch = "master"
  digest = "1:ebcbc7af8218775de172b33a9f231dce5ebbf32476a54355084d34761d8a93c0"
  name = "github.com/juju/loggo"
  packages = ["."]
  pruneopts = "UT"
  revision = "6e530bcce5d8e1b51b8e5ee7f08a455cd0a8c2e5"

[[projects]]
  branch = "master"
  digest = "1:cc5c45b8f92cdabb759e1f471a1bd7ae51da36ea74c1a0d1d71b9e195d85162f"
  name = "github.com/juju/testing"
  packages = ["checkers"]
  pruneopts = "UT"
  revision = "ce30eb24acd2c45a1bc42208835468ca619685a9"

[[projects]]
  digest = "1:ca955a9cd5b50b0f43d2cc3aeb35c951473eeca41b34eb67507f1dbcc0542394"
  name = "github.com/kr/pretty"
  packages = ["."]
  pruneopts = "UT"
  revision = "73f6ac0b30a98e433b289500d779f50c1a6f0712"
  version = "v0.1.0"

[[projects]]
  digest = "1:15b5cc79aad436d47019f814fde81a10221c740dc8ddf769221a65097fb6c2e9"
  name = "github.com/kr/text"
  packages = ["."]
  pruneopts = "UT"
  revision = "e2ffdb16a802fe2bb95e2e35ff34f0e53aeef34f"
  version = "v0.1.0"

[[projects]]
  branch = "v1"
  digest = "1:bc88591477b5fee4520dcd3d8fa8fd26f5d78b83193ed0102a7e83552652daa4"
  name = "gopkg.in/check.v1"
  packages = ["."]
  pruneopts = "UT"
  revision = "41f04d3bba152ddec2103e299fed053415705330"

[[projects]]
  branch = "v2"
  digest = "1:2642fd0b6900c77247d61d80cf2eb59a374ef4ffc2d25a1b95b87dc355b2894e"
  name = "gopkg.in/mgo.v2"
  packages = [
    "bson",
    "internal/json",
  ]
  pruneopts = "UT"
  revision = "a6b53ec6cb22a3699387a57a161566f9402ee85b"

[[projects]]
  digest = "1:4d2e5a73dc1500038e504a8d78b986630e3626dc027bc030ba5c75da257cdb96"
  name = "gopkg.in/yaml.v2"
  packages = ["."]
  pruneopts = "UT"
  revision = "51d6538a90f86fe93ac480b35f37b2be17fef232"
  version = "v2.2.2"

[solve-meta]
  analyzer-name = "dep"
  analyzer-version = 1
  input-imports = [
    "github.com/juju/testing/checkers",
    "gopkg.in/check.v1",
  ]
  solver-name = "gps-cdcl"
  solver-version = 1
