# This file is autogenerated, do not edit; changes may be undone by the next 'dep ensure'.


[[projects]]
  branch = "master"
  digest = "1:78d0cea6d598e3f2498ee014cd4ee767966698a35bef29b4dd28922846c5eabb"
  name = "github.com/codelingo/rectangle"
  packages = ["."]
  pruneopts = "UT"
  revision = "a8eef7aa76cf129d19f122ad003e28b198bedf84"

[solve-meta]
  analyzer-name = "dep"
  analyzer-version = 1
  input-imports = ["github.com/codelingo/rectangle"]
  solver-name = "gps-cdcl"
  solver-version = 1
